# This file is autogenerated, do not edit; changes may be undone by the next 'dep ensure'.


[[projects]]
  digest = "1:79e87abf06b873987dee86598950f5b51732ac454d5a5cab6445a14330e6c9e3"
  name = "github.com/mattn/go-sqlite3"
  packages = ["."]
  pruneopts = "UT"
  revision = "b612a2feea6aa87c6d052d9086572551df06497e"
  version = "v1.11.0"

[solve-meta]
  analyzer-name = "dep"
  analyzer-version = 1
  input-imports = ["github.com/mattn/go-sqlite3"]
  solver-name = "gps-cdcl"
  solver-version = 1
